
Microsoft Visual Studio Solution File, Format Version 12.00
# Visual Studio Version 17
VisualStudioVersion = 17.7.34003.232
MinimumVisualStudioVersion = 10.0.40219.1
Project("{9A19103F-16F7-4668-BE54-9A1E7A4F7556}") = "Practice", "Practice\Practice.csproj", "{8EF60A82-8B3F-4346-8300-42B596779FB0}"
EndProject
Project("{9A19103F-16F7-4668-BE54-9A1E7A4F7556}") = "String Example", "String Example\String Example.csproj", "{AE9F36A9-A08B-4D9B-A41B-53767F1FF947}"
EndProject
Project("{9A19103F-16F7-4668-BE54-9A1E7A4F7556}") = "ClassExample", "ClassExample\ClassExample.csproj", "{9425AA8D-5193-4D53-8565-864659BBF450}"
EndProject
Project("{9A19103F-16F7-4668-BE54-9A1E7A4F7556}") = "InterfaceExample", "InterfaceExample\InterfaceExample.csproj", "{30D03A0F-2EC6-46CB-B221-6D8ECF43BED9}"
EndProject
Project("{9A19103F-16F7-4668-BE54-9A1E7A4F7556}") = "ConsoleApp1", "ConsoleApp1\ConsoleApp1.csproj", "{693B52D6-BD15-4F30-AB47-2BFD9F29364F}"
EndProject
Project("{9A19103F-16F7-4668-BE54-9A1E7A4F7556}") = "PartialClass", "PartialClass\PartialClass.csproj", "{A8ECD3B2-4BA0-4B26-AF23-6858F02BA5E6}"
EndProject
Project("{9A19103F-16F7-4668-BE54-9A1E7A4F7556}") = "StringBuilder", "StringBuilder\StringBuilder.csproj", "{0F0D0131-21EA-4C3B-BF56-169ECF08067B}"
EndProject
Project("{FAE04EC0-301F-11D3-BF4B-00C04F79EFBC}") = "Tuple", "Tuple\Tuple.csproj", "{FB532C1D-87DD-4EC9-9A87-BB6F68D9F030}"
EndProject
Project("{FAE04EC0-301F-11D3-BF4B-00C04F79EFBC}") = "Nullable", "Nullable\Nullable.csproj", "{F2A75691-3B4F-449F-BB46-B8E711A7C00D}"
EndProject
Project("{FAE04EC0-301F-11D3-BF4B-00C04F79EFBC}") = "AnnonymousType", "AnnonymousType\AnnonymousType.csproj", "{C7701EB6-F573-4269-948F-AA7224E4991A}"
EndProject
Project("{FAE04EC0-301F-11D3-BF4B-00C04F79EFBC}") = "Generics", "Generics\Generics.csproj", "{F72F53ED-A76E-4252-BFA5-1D39096BFFC9}"
EndProject
Global
	GlobalSection(SolutionConfigurationPlatforms) = preSolution
		Debug|Any CPU = Debug|Any CPU
		Release|Any CPU = Release|Any CPU
	EndGlobalSection
	GlobalSection(ProjectConfigurationPlatforms) = postSolution
		{8EF60A82-8B3F-4346-8300-42B596779FB0}.Debug|Any CPU.ActiveCfg = Debug|Any CPU
		{8EF60A82-8B3F-4346-8300-42B596779FB0}.Debug|Any CPU.Build.0 = Debug|Any CPU
		{8EF60A82-8B3F-4346-8300-42B596779FB0}.Release|Any CPU.ActiveCfg = Release|Any CPU
		{8EF60A82-8B3F-4346-8300-42B596779FB0}.Release|Any CPU.Build.0 = Release|Any CPU
		{AE9F36A9-A08B-4D9B-A41B-53767F1FF947}.Debug|Any CPU.ActiveCfg = Debug|Any CPU
		{AE9F36A9-A08B-4D9B-A41B-53767F1FF947}.Debug|Any CPU.Build.0 = Debug|Any CPU
		{AE9F36A9-A08B-4D9B-A41B-53767F1FF947}.Release|Any CPU.ActiveCfg = Release|Any CPU
		{AE9F36A9-A08B-4D9B-A41B-53767F1FF947}.Release|Any CPU.Build.0 = Release|Any CPU
		{9425AA8D-5193-4D53-8565-864659BBF450}.Debug|Any CPU.ActiveCfg = Debug|Any CPU
		{9425AA8D-5193-4D53-8565-864659BBF450}.Debug|Any CPU.Build.0 = Debug|Any CPU
		{9425AA8D-5193-4D53-8565-864659BBF450}.Release|Any CPU.ActiveCfg = Release|Any CPU
		{9425AA8D-5193-4D53-8565-864659BBF450}.Release|Any CPU.Build.0 = Release|Any CPU
		{30D03A0F-2EC6-46CB-B221-6D8ECF43BED9}.Debug|Any CPU.ActiveCfg = Debug|Any CPU
		{30D03A0F-2EC6-46CB-B221-6D8ECF43BED9}.Debug|Any CPU.Build.0 = Debug|Any CPU
		{30D03A0F-2EC6-46CB-B221-6D8ECF43BED9}.Release|Any CPU.ActiveCfg = Release|Any CPU
		{30D03A0F-2EC6-46CB-B221-6D8ECF43BED9}.Release|Any CPU.Build.0 = Release|Any CPU
		{693B52D6-BD15-4F30-AB47-2BFD9F29364F}.Debug|Any CPU.ActiveCfg = Debug|Any CPU
		{693B52D6-BD15-4F30-AB47-2BFD9F29364F}.Debug|Any CPU.Build.0 = Debug|Any CPU
		{693B52D6-BD15-4F30-AB47-2BFD9F29364F}.Release|Any CPU.ActiveCfg = Release|Any CPU
		{693B52D6-BD15-4F30-AB47-2BFD9F29364F}.Release|Any CPU.Build.0 = Release|Any CPU
		{A8ECD3B2-4BA0-4B26-AF23-6858F02BA5E6}.Debug|Any CPU.ActiveCfg = Debug|Any CPU
		{A8ECD3B2-4BA0-4B26-AF23-6858F02BA5E6}.Debug|Any CPU.Build.0 = Debug|Any CPU
		{A8ECD3B2-4BA0-4B26-AF23-6858F02BA5E6}.Release|Any CPU.ActiveCfg = Release|Any CPU
		{A8ECD3B2-4BA0-4B26-AF23-6858F02BA5E6}.Release|Any CPU.Build.0 = Release|Any CPU
		{0F0D0131-21EA-4C3B-BF56-169ECF08067B}.Debug|Any CPU.ActiveCfg = Debug|Any CPU
		{0F0D0131-21EA-4C3B-BF56-169ECF08067B}.Debug|Any CPU.Build.0 = Debug|Any CPU
		{0F0D0131-21EA-4C3B-BF56-169ECF08067B}.Release|Any CPU.ActiveCfg = Release|Any CPU
		{0F0D0131-21EA-4C3B-BF56-169ECF08067B}.Release|Any CPU.Build.0 = Release|Any CPU
		{FB532C1D-87DD-4EC9-9A87-BB6F68D9F030}.Debug|Any CPU.ActiveCfg = Debug|Any CPU
		{FB532C1D-87DD-4EC9-9A87-BB6F68D9F030}.Debug|Any CPU.Build.0 = Debug|Any CPU
		{FB532C1D-87DD-4EC9-9A87-BB6F68D9F030}.Release|Any CPU.ActiveCfg = Release|Any CPU
		{FB532C1D-87DD-4EC9-9A87-BB6F68D9F030}.Release|Any CPU.Build.0 = Release|Any CPU
		{F2A75691-3B4F-449F-BB46-B8E711A7C00D}.Debug|Any CPU.ActiveCfg = Debug|Any CPU
		{F2A75691-3B4F-449F-BB46-B8E711A7C00D}.Debug|Any CPU.Build.0 = Debug|Any CPU
		{F2A75691-3B4F-449F-BB46-B8E711A7C00D}.Release|Any CPU.ActiveCfg = Release|Any CPU
		{F2A75691-3B4F-449F-BB46-B8E711A7C00D}.Release|Any CPU.Build.0 = Release|Any CPU
		{C7701EB6-F573-4269-948F-AA7224E4991A}.Debug|Any CPU.ActiveCfg = Debug|Any CPU
		{C7701EB6-F573-4269-948F-AA7224E4991A}.Debug|Any CPU.Build.0 = Debug|Any CPU
		{C7701EB6-F573-4269-948F-AA7224E4991A}.Release|Any CPU.ActiveCfg = Release|Any CPU
		{C7701EB6-F573-4269-948F-AA7224E4991A}.Release|Any CPU.Build.0 = Release|Any CPU
		{F72F53ED-A76E-4252-BFA5-1D39096BFFC9}.Debug|Any CPU.ActiveCfg = Debug|Any CPU
		{F72F53ED-A76E-4252-BFA5-1D39096BFFC9}.Debug|Any CPU.Build.0 = Debug|Any CPU
		{F72F53ED-A76E-4252-BFA5-1D39096BFFC9}.Release|Any CPU.ActiveCfg = Release|Any CPU
		{F72F53ED-A76E-4252-BFA5-1D39096BFFC9}.Release|Any CPU.Build.0 = Release|Any CPU
	EndGlobalSection
	GlobalSection(SolutionProperties) = preSolution
		HideSolutionNode = FALSE
	EndGlobalSection
	GlobalSection(ExtensibilityGlobals) = postSolution
		SolutionGuid = {964BBC29-2129-4C49-8588-715AFCFBA47B}
	EndGlobalSection
EndGlobal
